// !$*UTF8*$!
{
	archiveVersion = 1;
	classes = {
	};
	objectVersion = 56;
	objects = {

/* Begin PBXBuildFile section */
		DC0A92B42BD2BB09005048B4 /* AppetizerListView.swift in Sources */ = {isa = PBXBuildFile; fileRef = DC0A92B32BD2BB09005048B4 /* AppetizerListView.swift */; };
		DC0A92B62BD2BB16005048B4 /* AccountView.swift in Sources */ = {isa = PBXBuildFile; fileRef = DC0A92B52BD2BB16005048B4 /* AccountView.swift */; };
		DC0A92B82BD2BB24005048B4 /* OrderView.swift in Sources */ = {isa = PBXBuildFile; fileRef = DC0A92B72BD2BB24005048B4 /* OrderView.swift */; };
		DC8286942BD2B83700680CC0 /* Appetizers_SwiftUIApp.swift in Sources */ = {isa = PBXBuildFile; fileRef = DC8286932BD2B83700680CC0 /* Appetizers_SwiftUIApp.swift */; };
		DC8286962BD2B83700680CC0 /* AppetizerTabView.swift in Sources */ = {isa = PBXBuildFile; fileRef = DC8286952BD2B83700680CC0 /* AppetizerTabView.swift */; };
		DC8286982BD2B83700680CC0 /* Assets.xcassets in Resources */ = {isa = PBXBuildFile; fileRef = DC8286972BD2B83700680CC0 /* Assets.xcassets */; };
		DC82869B2BD2B83700680CC0 /* Preview Assets.xcassets in Resources */ = {isa = PBXBuildFile; fileRef = DC82869A2BD2B83700680CC0 /* Preview Assets.xcassets */; };
		DCFF5BA32BD2CE86001803C1 /* Appetizer.swift in Sources */ = {isa = PBXBuildFile; fileRef = DCFF5BA22BD2CE86001803C1 /* Appetizer.swift */; };
		DCFF5BA52BD2D938001803C1 /* AppetizerListCell.swift in Sources */ = {isa = PBXBuildFile; fileRef = DCFF5BA42BD2D938001803C1 /* AppetizerListCell.swift */; };
		DCFF5BA72BD2DD0F001803C1 /* NetworkManager.swift in Sources */ = {isa = PBXBuildFile; fileRef = DCFF5BA62BD2DD0F001803C1 /* NetworkManager.swift */; };
		DCFF5BA92BD2DE12001803C1 /* APError.swift in Sources */ = {isa = PBXBuildFile; fileRef = DCFF5BA82BD2DE12001803C1 /* APError.swift */; };
		DCFF5BAB2BD30F0E001803C1 /* AppetizerListViewModel.swift in Sources */ = {isa = PBXBuildFile; fileRef = DCFF5BAA2BD30F0E001803C1 /* AppetizerListViewModel.swift */; };
		DCFF5BAD2BD31116001803C1 /* Alert.swift in Sources */ = {isa = PBXBuildFile; fileRef = DCFF5BAC2BD31116001803C1 /* Alert.swift */; };
/* End PBXBuildFile section */

/* Begin PBXFileReference section */
		DC0A92B32BD2BB09005048B4 /* AppetizerListView.swift */ = {isa = PBXFileReference; lastKnownFileType = sourcecode.swift; path = AppetizerListView.swift; sourceTree = "<group>"; };
		DC0A92B52BD2BB16005048B4 /* AccountView.swift */ = {isa = PBXFileReference; lastKnownFileType = sourcecode.swift; path = AccountView.swift; sourceTree = "<group>"; };
		DC0A92B72BD2BB24005048B4 /* OrderView.swift */ = {isa = PBXFileReference; lastKnownFileType = sourcecode.swift; path = OrderView.swift; sourceTree = "<group>"; };
		DC8286902BD2B83700680CC0 /* Appetizers-SwiftUI.app */ = {isa = PBXFileReference; explicitFileType = wrapper.application; includeInIndex = 0; path = "Appetizers-SwiftUI.app"; sourceTree = BUILT_PRODUCTS_DIR; };
		DC8286932BD2B83700680CC0 /* Appetizers_SwiftUIApp.swift */ = {isa = PBXFileReference; lastKnownFileType = sourcecode.swift; path = Appetizers_SwiftUIApp.swift; sourceTree = "<group>"; };
		DC8286952BD2B83700680CC0 /* AppetizerTabView.swift */ = {isa = PBXFileReference; lastKnownFileType = sourcecode.swift; path = AppetizerTabView.swift; sourceTree = "<group>"; };
		DC8286972BD2B83700680CC0 /* Assets.xcassets */ = {isa = PBXFileReference; lastKnownFileType = folder.assetcatalog; path = Assets.xcassets; sourceTree = "<group>"; };
		DC82869A2BD2B83700680CC0 /* Preview Assets.xcassets */ = {isa = PBXFileReference; lastKnownFileType = folder.assetcatalog; path = "Preview Assets.xcassets"; sourceTree = "<group>"; };
		DC8286A12BD2B92D00680CC0 /* Info.plist */ = {isa = PBXFileReference; lastKnownFileType = text.plist.xml; path = Info.plist; sourceTree = "<group>"; };
		DCFF5BA22BD2CE86001803C1 /* Appetizer.swift */ = {isa = PBXFileReference; lastKnownFileType = sourcecode.swift; path = Appetizer.swift; sourceTree = "<group>"; };
		DCFF5BA42BD2D938001803C1 /* AppetizerListCell.swift */ = {isa = PBXFileReference; lastKnownFileType = sourcecode.swift; path = AppetizerListCell.swift; sourceTree = "<group>"; };
		DCFF5BA62BD2DD0F001803C1 /* NetworkManager.swift */ = {isa = PBXFileReference; lastKnownFileType = sourcecode.swift; path = NetworkManager.swift; sourceTree = "<group>"; };
		DCFF5BA82BD2DE12001803C1 /* APError.swift */ = {isa = PBXFileReference; lastKnownFileType = sourcecode.swift; path = APError.swift; sourceTree = "<group>"; };
		DCFF5BAA2BD30F0E001803C1 /* AppetizerListViewModel.swift */ = {isa = PBXFileReference; lastKnownFileType = sourcecode.swift; path = AppetizerListViewModel.swift; sourceTree = "<group>"; };
		DCFF5BAC2BD31116001803C1 /* Alert.swift */ = {isa = PBXFileReference; lastKnownFileType = sourcecode.swift; path = Alert.swift; sourceTree = "<group>"; };
/* End PBXFileReference section */

/* Begin PBXFrameworksBuildPhase section */
		DC82868D2BD2B83700680CC0 /* Frameworks */ = {
			isa = PBXFrameworksBuildPhase;
			buildActionMask = 2147483647;
			files = (
			);
			runOnlyForDeploymentPostprocessing = 0;
		};
/* End PBXFrameworksBuildPhase section */

/* Begin PBXGroup section */
		DC8286872BD2B83700680CC0 = {
			isa = PBXGroup;
			children = (
				DC8286912BD2B83700680CC0 /* Products */,
				DC8286922BD2B83700680CC0 /* Appetizers-SwiftUI */,
			);
			sourceTree = "<group>";
		};
		DC8286912BD2B83700680CC0 /* Products */ = {
			isa = PBXGroup;
			children = (
				DC8286902BD2B83700680CC0 /* Appetizers-SwiftUI.app */,
			);
			name = Products;
			sourceTree = "<group>";
		};
		DC8286922BD2B83700680CC0 /* Appetizers-SwiftUI */ = {
			isa = PBXGroup;
			children = (
				DC8286932BD2B83700680CC0 /* Appetizers_SwiftUIApp.swift */,
				DC8286952BD2B83700680CC0 /* AppetizerTabView.swift */,
				DC8286972BD2B83700680CC0 /* Assets.xcassets */,
				DC8286A12BD2B92D00680CC0 /* Info.plist */,
				DC8286992BD2B83700680CC0 /* Preview Content */,
				DC0A92B32BD2BB09005048B4 /* AppetizerListView.swift */,
				DC0A92B52BD2BB16005048B4 /* AccountView.swift */,
				DC0A92B72BD2BB24005048B4 /* OrderView.swift */,
				DCFF5BA22BD2CE86001803C1 /* Appetizer.swift */,
				DCFF5BA42BD2D938001803C1 /* AppetizerListCell.swift */,
				DCFF5BA62BD2DD0F001803C1 /* NetworkManager.swift */,
				DCFF5BA82BD2DE12001803C1 /* APError.swift */,
				DCFF5BAA2BD30F0E001803C1 /* AppetizerListViewModel.swift */,
				DCFF5BAC2BD31116001803C1 /* Alert.swift */,
			);
			path = "Appetizers-SwiftUI";
			sourceTree = "<group>";
		};
		DC8286992BD2B83700680CC0 /* Preview Content */ = {
			isa = PBXGroup;
			children = (
				DC82869A2BD2B83700680CC0 /* Preview Assets.xcassets */,
			);
			path = "Preview Content";
			sourceTree = "<group>";
		};
/* End PBXGroup section */

/* Begin PBXNativeTarget section */
		DC82868F2BD2B83700680CC0 /* Appetizers-SwiftUI */ = {
			isa = PBXNativeTarget;
			buildConfigurationList = DC82869E2BD2B83700680CC0 /* Build configuration list for PBXNativeTarget "Appetizers-SwiftUI" */;
			buildPhases = (
				DC82868C2BD2B83700680CC0 /* Sources */,
				DC82868D2BD2B83700680CC0 /* Frameworks */,
				DC82868E2BD2B83700680CC0 /* Resources */,
			);
			buildRules = (
			);
			dependencies = (
			);
			name = "Appetizers-SwiftUI";
			productName = "Appetizers-SwiftUI";
			productReference = DC8286902BD2B83700680CC0 /* Appetizers-SwiftUI.app */;
			productType = "com.apple.product-type.application";
		};
/* End PBXNativeTarget section */

/* Begin PBXProject section */
		DC8286882BD2B83700680CC0 /* Project object */ = {
			isa = PBXProject;
			attributes = {
				BuildIndependentTargetsInParallel = 1;
				LastSwiftUpdateCheck = 1530;
				LastUpgradeCheck = 1530;
				TargetAttributes = {
					DC82868F2BD2B83700680CC0 = {
						CreatedOnToolsVersion = 15.3;
					};
				};
			};
			buildConfigurationList = DC82868B2BD2B83700680CC0 /* Build configuration list for PBXProject "Appetizers-SwiftUI" */;
			compatibilityVersion = "Xcode 14.0";
			developmentRegion = en;
			hasScannedForEncodings = 0;
			knownRegions = (
				en,
				Base,
			);
			mainGroup = DC8286872BD2B83700680CC0;
			productRefGroup = DC8286912BD2B83700680CC0 /* Products */;
			projectDirPath = "";
			projectRoot = "";
			targets = (
				DC82868F2BD2B83700680CC0 /* Appetizers-SwiftUI */,
			);
		};
/* End PBXProject section */

/* Begin PBXResourcesBuildPhase section */
		DC82868E2BD2B83700680CC0 /* Resources */ = {
			isa = PBXResourcesBuildPhase;
			buildActionMask = 2147483647;
			files = (
				DC82869B2BD2B83700680CC0 /* Preview Assets.xcassets in Resources */,
				DC8286982BD2B83700680CC0 /* Assets.xcassets in Resources */,
			);
			runOnlyForDeploymentPostprocessing = 0;
		};
/* End PBXResourcesBuildPhase section */

/* Begin PBXSourcesBuildPhase section */
		DC82868C2BD2B83700680CC0 /* Sources */ = {
			isa = PBXSourcesBuildPhase;
			buildActionMask = 2147483647;
			files = (
				DCFF5BA32BD2CE86001803C1 /* Appetizer.swift in Sources */,
				DCFF5BA92BD2DE12001803C1 /* APError.swift in Sources */,
				DCFF5BA52BD2D938001803C1 /* AppetizerListCell.swift in Sources */,
				DCFF5BAB2BD30F0E001803C1 /* AppetizerListViewModel.swift in Sources */,
				DC0A92B62BD2BB16005048B4 /* AccountView.swift in Sources */,
				DC8286962BD2B83700680CC0 /* AppetizerTabView.swift in Sources */,
				DCFF5BA72BD2DD0F001803C1 /* NetworkManager.swift in Sources */,
				DC8286942BD2B83700680CC0 /* Appetizers_SwiftUIApp.swift in Sources */,
				DCFF5BAD2BD31116001803C1 /* Alert.swift in Sources */,
				DC0A92B42BD2BB09005048B4 /* AppetizerListView.swift in Sources */,
				DC0A92B82BD2BB24005048B4 /* OrderView.swift in Sources */,
			);
			runOnlyForDeploymentPostprocessing = 0;
		};
/* End PBXSourcesBuildPhase section */

/* Begin XCBuildConfiguration section */
		DC82869C2BD2B83700680CC0 /* Debug */ = {
			isa = XCBuildConfiguration;
			buildSettings = {
				ALWAYS_SEARCH_USER_PATHS = NO;
				ASSETCATALOG_COMPILER_GENERATE_SWIFT_ASSET_SYMBOL_EXTENSIONS = YES;
				CLANG_ANALYZER_NONNULL = YES;
				CLANG_ANALYZER_NUMBER_OBJECT_CONVERSION = YES_AGGRESSIVE;
				CLANG_CXX_LANGUAGE_STANDARD = "gnu++20";
				CLANG_ENABLE_MODULES = YES;
				CLANG_ENABLE_OBJC_ARC = YES;
				CLANG_ENABLE_OBJC_WEAK = YES;
				CLANG_WARN_BLOCK_CAPTURE_AUTORELEASING = YES;
				CLANG_WARN_BOOL_CONVERSION = YES;
				CLANG_WARN_COMMA = YES;
				CLANG_WARN_CONSTANT_CONVERSION = YES;
				CLANG_WARN_DEPRECATED_OBJC_IMPLEMENTATIONS = YES;
				CLANG_WARN_DIRECT_OBJC_ISA_USAGE = YES_ERROR;
				CLANG_WARN_DOCUMENTATION_COMMENTS = YES;
				CLANG_WARN_EMPTY_BODY = YES;
				CLANG_WARN_ENUM_CONVERSION = YES;
				CLANG_WARN_INFINITE_RECURSION = YES;
				CLANG_WARN_INT_CONVERSION = YES;
				CLANG_WARN_NON_LITERAL_NULL_CONVERSION = YES;
				CLANG_WARN_OBJC_IMPLICIT_RETAIN_SELF = YES;
				CLANG_WARN_OBJC_LITERAL_CONVERSION = YES;
				CLANG_WARN_OBJC_ROOT_CLASS = YES_ERROR;
				CLANG_WARN_QUOTED_INCLUDE_IN_FRAMEWORK_HEADER = YES;
				CLANG_WARN_RANGE_LOOP_ANALYSIS = YES;
				CLANG_WARN_STRICT_PROTOTYPES = YES;
				CLANG_WARN_SUSPICIOUS_MOVE = YES;
				CLANG_WARN_UNGUARDED_AVAILABILITY = YES_AGGRESSIVE;
				CLANG_WARN_UNREACHABLE_CODE = YES;
				CLANG_WARN__DUPLICATE_METHOD_MATCH = YES;
				COPY_PHASE_STRIP = NO;
				DEBUG_INFORMATION_FORMAT = dwarf;
				ENABLE_STRICT_OBJC_MSGSEND = YES;
				ENABLE_TESTABILITY = YES;
				ENABLE_USER_SCRIPT_SANDBOXING = YES;
				GCC_C_LANGUAGE_STANDARD = gnu17;
				GCC_DYNAMIC_NO_PIC = NO;
				GCC_NO_COMMON_BLOCKS = YES;
				GCC_OPTIMIZATION_LEVEL = 0;
				GCC_PREPROCESSOR_DEFINITIONS = (
					"DEBUG=1",
					"$(inherited)",
				);
				GCC_WARN_64_TO_32_BIT_CONVERSION = YES;
				GCC_WARN_ABOUT_RETURN_TYPE = YES_ERROR;
				GCC_WARN_UNDECLARED_SELECTOR = YES;
				GCC_WARN_UNINITIALIZED_AUTOS = YES_AGGRESSIVE;
				GCC_WARN_UNUSED_FUNCTION = YES;
				GCC_WARN_UNUSED_VARIABLE = YES;
				IPHONEOS_DEPLOYMENT_TARGET = 17.4;
				LOCALIZATION_PREFERS_STRING_CATALOGS = YES;
				MTL_ENABLE_DEBUG_INFO = INCLUDE_SOURCE;
				MTL_FAST_MATH = YES;
				ONLY_ACTIVE_ARCH = YES;
				SDKROOT = iphoneos;
				SWIFT_ACTIVE_COMPILATION_CONDITIONS = "DEBUG $(inherited)";
				SWIFT_OPTIMIZATION_LEVEL = "-Onone";
			};
			name = Debug;
		};
		DC82869D2BD2B83700680CC0 /* Release */ = {
			isa = XCBuildConfiguration;
			buildSettings = {
				ALWAYS_SEARCH_USER_PATHS = NO;
				ASSETCATALOG_COMPILER_GENERATE_SWIFT_ASSET_SYMBOL_EXTENSIONS = YES;
				CLANG_ANALYZER_NONNULL = YES;
				CLANG_ANALYZER_NUMBER_OBJECT_CONVERSION = YES_AGGRESSIVE;
				CLANG_CXX_LANGUAGE_STANDARD = "gnu++20";
				CLANG_ENABLE_MODULES = YES;
				CLANG_ENABLE_OBJC_ARC = YES;
				CLANG_ENABLE_OBJC_WEAK = YES;
				CLANG_WARN_BLOCK_CAPTURE_AUTORELEASING = YES;
				CLANG_WARN_BOOL_CONVERSION = YES;
				CLANG_WARN_COMMA = YES;
				CLANG_WARN_CONSTANT_CONVERSION = YES;
				CLANG_WARN_DEPRECATED_OBJC_IMPLEMENTATIONS = YES;
				CLANG_WARN_DIRECT_OBJC_ISA_USAGE = YES_ERROR;
				CLANG_WARN_DOCUMENTATION_COMMENTS = YES;
				CLANG_WARN_EMPTY_BODY = YES;
				CLANG_WARN_ENUM_CONVERSION = YES;
				CLANG_WARN_INFINITE_RECURSION = YES;
				CLANG_WARN_INT_CONVERSION = YES;
				CLANG_WARN_NON_LITERAL_NULL_CONVERSION = YES;
				CLANG_WARN_OBJC_IMPLICIT_RETAIN_SELF = YES;
				CLANG_WARN_OBJC_LITERAL_CONVERSION = YES;
				CLANG_WARN_OBJC_ROOT_CLASS = YES_ERROR;
				CLANG_WARN_QUOTED_INCLUDE_IN_FRAMEWORK_HEADER = YES;
				CLANG_WARN_RANGE_LOOP_ANALYSIS = YES;
				CLANG_WARN_STRICT_PROTOTYPES = YES;
				CLANG_WARN_SUSPICIOUS_MOVE = YES;
				CLANG_WARN_UNGUARDED_AVAILABILITY = YES_AGGRESSIVE;
				CLANG_WARN_UNREACHABLE_CODE = YES;
				CLANG_WARN__DUPLICATE_METHOD_MATCH = YES;
				COPY_PHASE_STRIP = NO;
				DEBUG_INFORMATION_FORMAT = "dwarf-with-dsym";
				ENABLE_NS_ASSERTIONS = NO;
				ENABLE_STRICT_OBJC_MSGSEND = YES;
				ENABLE_USER_SCRIPT_SANDBOXING = YES;
				GCC_C_LANGUAGE_STANDARD = gnu17;
				GCC_NO_COMMON_BLOCKS = YES;
				GCC_WARN_64_TO_32_BIT_CONVERSION = YES;
				GCC_WARN_ABOUT_RETURN_TYPE = YES_ERROR;
				GCC_WARN_UNDECLARED_SELECTOR = YES;
				GCC_WARN_UNINITIALIZED_AUTOS = YES_AGGRESSIVE;
				GCC_WARN_UNUSED_FUNCTION = YES;
				GCC_WARN_UNUSED_VARIABLE = YES;
				IPHONEOS_DEPLOYMENT_TARGET = 17.4;
				LOCALIZATION_PREFERS_STRING_CATALOGS = YES;
				MTL_ENABLE_DEBUG_INFO = NO;
				MTL_FAST_MATH = YES;
				SDKROOT = iphoneos;
				SWIFT_COMPILATION_MODE = wholemodule;
				VALIDATE_PRODUCT = YES;
			};
			name = Release;
		};
		DC82869F2BD2B83700680CC0 /* Debug */ = {
			isa = XCBuildConfiguration;
			buildSettings = {
				ASSETCATALOG_COMPILER_APPICON_NAME = AppIcon;
				ASSETCATALOG_COMPILER_GLOBAL_ACCENT_COLOR_NAME = AccentColor;
				CODE_SIGN_STYLE = Automatic;
				CURRENT_PROJECT_VERSION = 1;
				DEVELOPMENT_ASSET_PATHS = "\"Appetizers-SwiftUI/Preview Content\"";
				DEVELOPMENT_TEAM = F7XUWMJPAL;
				ENABLE_PREVIEWS = YES;
				GENERATE_INFOPLIST_FILE = YES;
				INFOPLIST_FILE = "Appetizers-SwiftUI/Info.plist";
				INFOPLIST_KEY_UIApplicationSceneManifest_Generation = YES;
				INFOPLIST_KEY_UIApplicationSupportsIndirectInputEvents = YES;
				INFOPLIST_KEY_UILaunchScreen_Generation = YES;
				INFOPLIST_KEY_UISupportedInterfaceOrientations_iPad = "UIInterfaceOrientationPortrait UIInterfaceOrientationPortraitUpsideDown UIInterfaceOrientationLandscapeLeft UIInterfaceOrientationLandscapeRight";
				INFOPLIST_KEY_UISupportedInterfaceOrientations_iPhone = "UIInterfaceOrientationPortrait UIInterfaceOrientationLandscapeLeft UIInterfaceOrientationLandscapeRight";
				LD_RUNPATH_SEARCH_PATHS = (
					"$(inherited)",
					"@executable_path/Frameworks",
				);
				MARKETING_VERSION = 1.0;
				PRODUCT_BUNDLE_IDENTIFIER = "com.iaxelrad.Appetizers-SwiftUI";
				PRODUCT_NAME = "$(TARGET_NAME)";
				SWIFT_EMIT_LOC_STRINGS = YES;
				SWIFT_VERSION = 5.0;
				TARGETED_DEVICE_FAMILY = "1,2";
			};
			name = Debug;
		};
		DC8286A02BD2B83700680CC0 /* Release */ = {
			isa = XCBuildConfiguration;
			buildSettings = {
				ASSETCATALOG_COMPILER_APPICON_NAME = AppIcon;
				ASSETCATALOG_COMPILER_GLOBAL_ACCENT_COLOR_NAME = AccentColor;
				CODE_SIGN_STYLE = Automatic;
				CURRENT_PROJECT_VERSION = 1;
				DEVELOPMENT_ASSET_PATHS = "\"Appetizers-SwiftUI/Preview Content\"";
				DEVELOPMENT_TEAM = F7XUWMJPAL;
				ENABLE_PREVIEWS = YES;
				GENERATE_INFOPLIST_FILE = YES;
				INFOPLIST_FILE = "Appetizers-SwiftUI/Info.plist";
				INFOPLIST_KEY_UIApplicationSceneManifest_Generation = YES;
				INFOPLIST_KEY_UIApplicationSupportsIndirectInputEvents = YES;
				INFOPLIST_KEY_UILaunchScreen_Generation = YES;
				INFOPLIST_KEY_UISupportedInterfaceOrientations_iPad = "UIInterfaceOrientationPortrait UIInterfaceOrientationPortraitUpsideDown UIInterfaceOrientationLandscapeLeft UIInterfaceOrientationLandscapeRight";
				INFOPLIST_KEY_UISupportedInterfaceOrientations_iPhone = "UIInterfaceOrientationPortrait UIInterfaceOrientationLandscapeLeft UIInterfaceOrientationLandscapeRight";
				LD_RUNPATH_SEARCH_PATHS = (
					"$(inherited)",
					"@executable_path/Frameworks",
				);
				MARKETING_VERSION = 1.0;
				PRODUCT_BUNDLE_IDENTIFIER = "com.iaxelrad.Appetizers-SwiftUI";
				PRODUCT_NAME = "$(TARGET_NAME)";
				SWIFT_EMIT_LOC_STRINGS = YES;
				SWIFT_VERSION = 5.0;
				TARGETED_DEVICE_FAMILY = "1,2";
			};
			name = Release;
		};
/* End XCBuildConfiguration section */

/* Begin XCConfigurationList section */
		DC82868B2BD2B83700680CC0 /* Build configuration list for PBXProject "Appetizers-SwiftUI" */ = {
			isa = XCConfigurationList;
			buildConfigurations = (
				DC82869C2BD2B83700680CC0 /* Debug */,
				DC82869D2BD2B83700680CC0 /* Release */,
			);
			defaultConfigurationIsVisible = 0;
			defaultConfigurationName = Release;
		};
		DC82869E2BD2B83700680CC0 /* Build configuration list for PBXNativeTarget "Appetizers-SwiftUI" */ = {
			isa = XCConfigurationList;
			buildConfigurations = (
				DC82869F2BD2B83700680CC0 /* Debug */,
				DC8286A02BD2B83700680CC0 /* Release */,
			);
			defaultConfigurationIsVisible = 0;
			defaultConfigurationName = Release;
		};
/* End XCConfigurationList section */
	};
	rootObject = DC8286882BD2B83700680CC0 /* Project object */;
}
